
Microsoft Visual Studio Solution File, Format Version 12.00
# Visual Studio Version 16
VisualStudioVersion = 16.0.30320.27
MinimumVisualStudioVersion = 10.0.40219.1
Project("{FAE04EC0-301F-11D3-BF4B-00C04F79EFBC}") = "Payroll", "Payroll\Payroll.csproj", "{14A3EB28-A13F-41EA-921E-F5D2FD83E999}"
EndProject
Global
	GlobalSection(SolutionConfigurationPlatforms) = preSolution
		Debug|Any CPU = Debug|Any CPU
		Release|Any CPU = Release|Any CPU
	EndGlobalSection
	GlobalSection(ProjectConfigurationPlatforms) = postSolution
		{14A3EB28-A13F-41EA-921E-F5D2FD83E999}.Debug|Any CPU.ActiveCfg = Debug|Any CPU
		{14A3EB28-A13F-41EA-921E-F5D2FD83E999}.Debug|Any CPU.Build.0 = Debug|Any CPU
		{14A3EB28-A13F-41EA-921E-F5D2FD83E999}.Release|Any CPU.ActiveCfg = Release|Any CPU
		{14A3EB28-A13F-41EA-921E-F5D2FD83E999}.Release|Any CPU.Build.0 = Release|Any CPU
	EndGlobalSection
	GlobalSection(SolutionProperties) = preSolution
		HideSolutionNode = FALSE
	EndGlobalSection
	GlobalSection(ExtensibilityGlobals) = postSolution
		SolutionGuid = {E96895F9-CA64-4340-8F2D-FE0C19095278}
	EndGlobalSection
EndGlobal
